
Microsoft Visual Studio Solution File, Format Version 12.00
Project("{FAE04EC0-301F-11D3-BF4B-00C04F79EFBC}") = "Mirai.Net", "Mirai.Net\Mirai.Net.csproj", "{628A4191-5533-4F33-B02E-BBD758AF72F0}"
EndProject
Global
	GlobalSection(SolutionConfigurationPlatforms) = preSolution
		Debug|Any CPU = Debug|Any CPU
		Release|Any CPU = Release|Any CPU
	EndGlobalSection
	GlobalSection(ProjectConfigurationPlatforms) = postSolution
		{628A4191-5533-4F33-B02E-BBD758AF72F0}.Debug|Any CPU.ActiveCfg = Debug|Any CPU
		{628A4191-5533-4F33-B02E-BBD758AF72F0}.Debug|Any CPU.Build.0 = Debug|Any CPU
		{628A4191-5533-4F33-B02E-BBD758AF72F0}.Release|Any CPU.ActiveCfg = Release|Any CPU
		{628A4191-5533-4F33-B02E-BBD758AF72F0}.Release|Any CPU.Build.0 = Release|Any CPU
	EndGlobalSection
EndGlobal
